<Solution>
  <Folder Name="/Solution Items/">
    <File Path="Directory.Packages.props" />
  </Folder>
  <Project Path="Avalonia.Controls.DataGrid/Avalonia.Controls.DataGrid.csproj" />
  <Project Path="Avalonia.Labs.Controls/Avalonia.Labs.Controls.csproj" Id="b362c388-fce5-487f-ad7c-491edee61b4d" />
  <Project Path="ext/LunarChatSharp/LunarChatSharp/LunarChatSharp.csproj" />
  <Project Path="LiveMarkdown.Avalonia/LiveMarkdown.Avalonia.csproj" Id="6a1fa0d2-42ec-4267-8d30-fd7a700187f1" />
  <Project Path="LunarChatApp.Android/LunarChatApp.Android.csproj">
    <Deploy Solution="Debug|*" />
  </Project>
  <Project Path="LunarChatApp.Browser/LunarChatApp.Browser.csproj" />
  <Project Path="LunarChatApp.Desktop/LunarChatApp.Desktop.csproj" />
  <Project Path="LunarChatApp.Host/LunarChatApp.Host.csproj" Id="6b2f5d09-b5cd-4d03-8bd8-81ae5a4ea341" />
  <Project Path="LunarChatApp.iOS/LunarChatApp.iOS.csproj" />
  <Project Path="LunarChatApp/LunarChatApp.csproj" />
  <Project Path="ShadUI/ShadUI.csproj" Id="2338ee09-e586-41f7-b1f6-d7d1b74199db" />
</Solution>
